// !$*UTF8*$!
{
	archiveVersion = 1;
	classes = {
	};
	objectVersion = 50;
	objects = {

/* Begin PBXBuildFile section */
		019D6F0B22968C4A00C4CB57 /* AppDelegate.swift in Sources */ = {isa = PBXBuildFile; fileRef = 019D6F0A22968C4A00C4CB57 /* AppDelegate.swift */; };
		019D6F1022968C4A00C4CB57 /* Main.storyboard in Resources */ = {isa = PBXBuildFile; fileRef = 019D6F0E22968C4A00C4CB57 /* Main.storyboard */; };
		019D6F1222968C4B00C4CB57 /* Assets.xcassets in Resources */ = {isa = PBXBuildFile; fileRef = 019D6F1122968C4B00C4CB57 /* Assets.xcassets */; };
		019D6F1522968C4B00C4CB57 /* LaunchScreen.storyboard in Resources */ = {isa = PBXBuildFile; fileRef = 019D6F1322968C4B00C4CB57 /* LaunchScreen.storyboard */; };
		019D6F2022968C4B00C4CB57 /* CakeListTests.swift in Sources */ = {isa = PBXBuildFile; fileRef = 019D6F1F22968C4B00C4CB57 /* CakeListTests.swift */; };
		019D6F3C22968C8900C4CB57 /* StoryboardView.swift in Sources */ = {isa = PBXBuildFile; fileRef = 019D6F2B22968C8900C4CB57 /* StoryboardView.swift */; };
		019D6F3F22968C8900C4CB57 /* ImageDownloadable.swift in Sources */ = {isa = PBXBuildFile; fileRef = 019D6F2F22968C8900C4CB57 /* ImageDownloadable.swift */; };
		019D6F4022968C8900C4CB57 /* NetworkError.swift in Sources */ = {isa = PBXBuildFile; fileRef = 019D6F3022968C8900C4CB57 /* NetworkError.swift */; };
		019D6F4322968C8900C4CB57 /* Thread.swift in Sources */ = {isa = PBXBuildFile; fileRef = 019D6F3522968C8900C4CB57 /* Thread.swift */; };
		019D6F4722968C8900C4CB57 /* Coordinator.swift in Sources */ = {isa = PBXBuildFile; fileRef = 019D6F3B22968C8900C4CB57 /* Coordinator.swift */; };
		019D6F4A22968DD700C4CB57 /* MainCoordinator.swift in Sources */ = {isa = PBXBuildFile; fileRef = 019D6F4922968DD700C4CB57 /* MainCoordinator.swift */; };
		019D6F4D22968E6E00C4CB57 /* CakeListTableViewController.swift in Sources */ = {isa = PBXBuildFile; fileRef = 019D6F4C22968E6E00C4CB57 /* CakeListTableViewController.swift */; };
		019D6F4F22968F4300C4CB57 /* CakeListTableViewCell.swift in Sources */ = {isa = PBXBuildFile; fileRef = 019D6F4E22968F4300C4CB57 /* CakeListTableViewCell.swift */; };
		019D6F5122968FAF00C4CB57 /* MainProtocols.swift in Sources */ = {isa = PBXBuildFile; fileRef = 019D6F5022968FAF00C4CB57 /* MainProtocols.swift */; };
		019D6F542296900F00C4CB57 /* CakeListPresenter.swift in Sources */ = {isa = PBXBuildFile; fileRef = 019D6F532296900F00C4CB57 /* CakeListPresenter.swift */; };
		019D6F562296909400C4CB57 /* CakeRequestable.swift in Sources */ = {isa = PBXBuildFile; fileRef = 019D6F552296909400C4CB57 /* CakeRequestable.swift */; };
		019D6F592296922500C4CB57 /* Cake.swift in Sources */ = {isa = PBXBuildFile; fileRef = 019D6F582296922500C4CB57 /* Cake.swift */; };
		019D6F5C2296945700C4CB57 /* CakeListModel.swift in Sources */ = {isa = PBXBuildFile; fileRef = 019D6F5B2296945700C4CB57 /* CakeListModel.swift */; };
		019D6F5E2296971000C4CB57 /* ImageCache.swift in Sources */ = {isa = PBXBuildFile; fileRef = 019D6F5D2296971000C4CB57 /* ImageCache.swift */; };
		01BB6704269EB2C500C5944E /* CakeDetailViewController.swift in Sources */ = {isa = PBXBuildFile; fileRef = 01BB6703269EB2C500C5944E /* CakeDetailViewController.swift */; };
		01BB6706269EB3D000C5944E /* CakeDetailPresenter.swift in Sources */ = {isa = PBXBuildFile; fileRef = 01BB6705269EB3D000C5944E /* CakeDetailPresenter.swift */; };
		01BB6708269EB43C00C5944E /* CakeDetailModel.swift in Sources */ = {isa = PBXBuildFile; fileRef = 01BB6707269EB43C00C5944E /* CakeDetailModel.swift */; };
		01BB670A269EC3CB00C5944E /* CakeImageView.swift in Sources */ = {isa = PBXBuildFile; fileRef = 01BB6709269EC3CB00C5944E /* CakeImageView.swift */; };
		01BB670C269ED90700C5944E /* String.swift in Sources */ = {isa = PBXBuildFile; fileRef = 01BB670B269ED90700C5944E /* String.swift */; };
/* End PBXBuildFile section */

/* Begin PBXContainerItemProxy section */
		019D6F1C22968C4B00C4CB57 /* PBXContainerItemProxy */ = {
			isa = PBXContainerItemProxy;
			containerPortal = 019D6EFF22968C4A00C4CB57 /* Project object */;
			proxyType = 1;
			remoteGlobalIDString = 019D6F0622968C4A00C4CB57;
			remoteInfo = CakeList;
		};
/* End PBXContainerItemProxy section */

/* Begin PBXFileReference section */
		019D6F0722968C4A00C4CB57 /* CakeList.app */ = {isa = PBXFileReference; explicitFileType = wrapper.application; includeInIndex = 0; path = CakeList.app; sourceTree = BUILT_PRODUCTS_DIR; };
		019D6F0A22968C4A00C4CB57 /* AppDelegate.swift */ = {isa = PBXFileReference; lastKnownFileType = sourcecode.swift; path = AppDelegate.swift; sourceTree = "<group>"; };
		019D6F0F22968C4A00C4CB57 /* Base */ = {isa = PBXFileReference; lastKnownFileType = file.storyboard; name = Base; path = Base.lproj/Main.storyboard; sourceTree = "<group>"; };
		019D6F1122968C4B00C4CB57 /* Assets.xcassets */ = {isa = PBXFileReference; lastKnownFileType = folder.assetcatalog; path = Assets.xcassets; sourceTree = "<group>"; };
		019D6F1422968C4B00C4CB57 /* Base */ = {isa = PBXFileReference; lastKnownFileType = file.storyboard; name = Base; path = Base.lproj/LaunchScreen.storyboard; sourceTree = "<group>"; };
		019D6F1622968C4B00C4CB57 /* Info.plist */ = {isa = PBXFileReference; lastKnownFileType = text.plist.xml; path = Info.plist; sourceTree = "<group>"; };
		019D6F1B22968C4B00C4CB57 /* CakeListTests.xctest */ = {isa = PBXFileReference; explicitFileType = wrapper.cfbundle; includeInIndex = 0; path = CakeListTests.xctest; sourceTree = BUILT_PRODUCTS_DIR; };
		019D6F1F22968C4B00C4CB57 /* CakeListTests.swift */ = {isa = PBXFileReference; lastKnownFileType = sourcecode.swift; path = CakeListTests.swift; sourceTree = "<group>"; };
		019D6F2122968C4B00C4CB57 /* Info.plist */ = {isa = PBXFileReference; lastKnownFileType = text.plist.xml; path = Info.plist; sourceTree = "<group>"; };
		019D6F2B22968C8900C4CB57 /* StoryboardView.swift */ = {isa = PBXFileReference; fileEncoding = 4; lastKnownFileType = sourcecode.swift; path = StoryboardView.swift; sourceTree = "<group>"; };
		019D6F2F22968C8900C4CB57 /* ImageDownloadable.swift */ = {isa = PBXFileReference; fileEncoding = 4; lastKnownFileType = sourcecode.swift; path = ImageDownloadable.swift; sourceTree = "<group>"; };
		019D6F3022968C8900C4CB57 /* NetworkError.swift */ = {isa = PBXFileReference; fileEncoding = 4; lastKnownFileType = sourcecode.swift; path = NetworkError.swift; sourceTree = "<group>"; };
		019D6F3522968C8900C4CB57 /* Thread.swift */ = {isa = PBXFileReference; fileEncoding = 4; lastKnownFileType = sourcecode.swift; path = Thread.swift; sourceTree = "<group>"; };
		019D6F3B22968C8900C4CB57 /* Coordinator.swift */ = {isa = PBXFileReference; fileEncoding = 4; lastKnownFileType = sourcecode.swift; path = Coordinator.swift; sourceTree = "<group>"; };
		019D6F4922968DD700C4CB57 /* MainCoordinator.swift */ = {isa = PBXFileReference; lastKnownFileType = sourcecode.swift; path = MainCoordinator.swift; sourceTree = "<group>"; };
		019D6F4C22968E6E00C4CB57 /* CakeListTableViewController.swift */ = {isa = PBXFileReference; lastKnownFileType = sourcecode.swift; path = CakeListTableViewController.swift; sourceTree = "<group>"; };
		019D6F4E22968F4300C4CB57 /* CakeListTableViewCell.swift */ = {isa = PBXFileReference; lastKnownFileType = sourcecode.swift; path = CakeListTableViewCell.swift; sourceTree = "<group>"; };
		019D6F5022968FAF00C4CB57 /* MainProtocols.swift */ = {isa = PBXFileReference; lastKnownFileType = sourcecode.swift; path = MainProtocols.swift; sourceTree = "<group>"; };
		019D6F532296900F00C4CB57 /* CakeListPresenter.swift */ = {isa = PBXFileReference; lastKnownFileType = sourcecode.swift; path = CakeListPresenter.swift; sourceTree = "<group>"; };
		019D6F552296909400C4CB57 /* CakeRequestable.swift */ = {isa = PBXFileReference; lastKnownFileType = sourcecode.swift; path = CakeRequestable.swift; sourceTree = "<group>"; };
		019D6F582296922500C4CB57 /* Cake.swift */ = {isa = PBXFileReference; lastKnownFileType = sourcecode.swift; path = Cake.swift; sourceTree = "<group>"; };
		019D6F5B2296945700C4CB57 /* CakeListModel.swift */ = {isa = PBXFileReference; lastKnownFileType = sourcecode.swift; path = CakeListModel.swift; sourceTree = "<group>"; };
		019D6F5D2296971000C4CB57 /* ImageCache.swift */ = {isa = PBXFileReference; lastKnownFileType = sourcecode.swift; path = ImageCache.swift; sourceTree = "<group>"; };
		01BB6703269EB2C500C5944E /* CakeDetailViewController.swift */ = {isa = PBXFileReference; lastKnownFileType = sourcecode.swift; path = CakeDetailViewController.swift; sourceTree = "<group>"; };
		01BB6705269EB3D000C5944E /* CakeDetailPresenter.swift */ = {isa = PBXFileReference; lastKnownFileType = sourcecode.swift; path = CakeDetailPresenter.swift; sourceTree = "<group>"; };
		01BB6707269EB43C00C5944E /* CakeDetailModel.swift */ = {isa = PBXFileReference; lastKnownFileType = sourcecode.swift; path = CakeDetailModel.swift; sourceTree = "<group>"; };
		01BB6709269EC3CB00C5944E /* CakeImageView.swift */ = {isa = PBXFileReference; lastKnownFileType = sourcecode.swift; path = CakeImageView.swift; sourceTree = "<group>"; };
		01BB670B269ED90700C5944E /* String.swift */ = {isa = PBXFileReference; lastKnownFileType = sourcecode.swift; path = String.swift; sourceTree = "<group>"; };
/* End PBXFileReference section */

/* Begin PBXFrameworksBuildPhase section */
		019D6F0422968C4A00C4CB57 /* Frameworks */ = {
			isa = PBXFrameworksBuildPhase;
			buildActionMask = 2147483647;
			files = (
			);
			runOnlyForDeploymentPostprocessing = 0;
		};
		019D6F1822968C4B00C4CB57 /* Frameworks */ = {
			isa = PBXFrameworksBuildPhase;
			buildActionMask = 2147483647;
			files = (
			);
			runOnlyForDeploymentPostprocessing = 0;
		};
/* End PBXFrameworksBuildPhase section */

/* Begin PBXGroup section */
		019D6EFE22968C4A00C4CB57 = {
			isa = PBXGroup;
			children = (
				019D6F0922968C4A00C4CB57 /* CakeList */,
				019D6F1E22968C4B00C4CB57 /* CakeListTests */,
				019D6F0822968C4A00C4CB57 /* Products */,
			);
			sourceTree = "<group>";
		};
		019D6F0822968C4A00C4CB57 /* Products */ = {
			isa = PBXGroup;
			children = (
				019D6F0722968C4A00C4CB57 /* CakeList.app */,
				019D6F1B22968C4B00C4CB57 /* CakeListTests.xctest */,
			);
			name = Products;
			sourceTree = "<group>";
		};
		019D6F0922968C4A00C4CB57 /* CakeList */ = {
			isa = PBXGroup;
			children = (
				019D6F4822968DC500C4CB57 /* Main */,
				019D6F2A22968C8900C4CB57 /* Core */,
				019D6F0A22968C4A00C4CB57 /* AppDelegate.swift */,
				019D6F1122968C4B00C4CB57 /* Assets.xcassets */,
				019D6F1322968C4B00C4CB57 /* LaunchScreen.storyboard */,
				019D6F1622968C4B00C4CB57 /* Info.plist */,
			);
			path = CakeList;
			sourceTree = "<group>";
		};
		019D6F1E22968C4B00C4CB57 /* CakeListTests */ = {
			isa = PBXGroup;
			children = (
				019D6F1F22968C4B00C4CB57 /* CakeListTests.swift */,
				019D6F2122968C4B00C4CB57 /* Info.plist */,
			);
			path = CakeListTests;
			sourceTree = "<group>";
		};
		019D6F2A22968C8900C4CB57 /* Core */ = {
			isa = PBXGroup;
			children = (
				019D6F2B22968C8900C4CB57 /* StoryboardView.swift */,
				019D6F572296921900C4CB57 /* Model */,
				019D6F2C22968C8900C4CB57 /* Network */,
				019D6F3122968C8900C4CB57 /* File System */,
				019D6F3322968C8900C4CB57 /* Extensions */,
				019D6F3B22968C8900C4CB57 /* Coordinator.swift */,
			);
			path = Core;
			sourceTree = "<group>";
		};
		019D6F2C22968C8900C4CB57 /* Network */ = {
			isa = PBXGroup;
			children = (
				019D6F2F22968C8900C4CB57 /* ImageDownloadable.swift */,
				019D6F3022968C8900C4CB57 /* NetworkError.swift */,
				019D6F552296909400C4CB57 /* CakeRequestable.swift */,
			);
			path = Network;
			sourceTree = "<group>";
		};
		019D6F3122968C8900C4CB57 /* File System */ = {
			isa = PBXGroup;
			children = (
				019D6F5D2296971000C4CB57 /* ImageCache.swift */,
			);
			path = "File System";
			sourceTree = "<group>";
		};
		019D6F3322968C8900C4CB57 /* Extensions */ = {
			isa = PBXGroup;
			children = (
				019D6F3522968C8900C4CB57 /* Thread.swift */,
				01BB670B269ED90700C5944E /* String.swift */,
			);
			path = Extensions;
			sourceTree = "<group>";
		};
		019D6F4822968DC500C4CB57 /* Main */ = {
			isa = PBXGroup;
			children = (
				019D6F5A229693ED00C4CB57 /* Model */,
				019D6F522296900200C4CB57 /* Presenter */,
				019D6F4B22968E3A00C4CB57 /* View */,
				019D6F0E22968C4A00C4CB57 /* Main.storyboard */,
				019D6F4922968DD700C4CB57 /* MainCoordinator.swift */,
				019D6F5022968FAF00C4CB57 /* MainProtocols.swift */,
			);
			path = Main;
			sourceTree = "<group>";
		};
		019D6F4B22968E3A00C4CB57 /* View */ = {
			isa = PBXGroup;
			children = (
				019D6F4C22968E6E00C4CB57 /* CakeListTableViewController.swift */,
				019D6F4E22968F4300C4CB57 /* CakeListTableViewCell.swift */,
				01BB6703269EB2C500C5944E /* CakeDetailViewController.swift */,
				01BB6709269EC3CB00C5944E /* CakeImageView.swift */,
			);
			path = View;
			sourceTree = "<group>";
		};
		019D6F522296900200C4CB57 /* Presenter */ = {
			isa = PBXGroup;
			children = (
				019D6F532296900F00C4CB57 /* CakeListPresenter.swift */,
				01BB6705269EB3D000C5944E /* CakeDetailPresenter.swift */,
			);
			path = Presenter;
			sourceTree = "<group>";
		};
		019D6F572296921900C4CB57 /* Model */ = {
			isa = PBXGroup;
			children = (
				019D6F582296922500C4CB57 /* Cake.swift */,
			);
			path = Model;
			sourceTree = "<group>";
		};
		019D6F5A229693ED00C4CB57 /* Model */ = {
			isa = PBXGroup;
			children = (
				019D6F5B2296945700C4CB57 /* CakeListModel.swift */,
				01BB6707269EB43C00C5944E /* CakeDetailModel.swift */,
			);
			path = Model;
			sourceTree = "<group>";
		};
/* End PBXGroup section */

/* Begin PBXNativeTarget section */
		019D6F0622968C4A00C4CB57 /* CakeList */ = {
			isa = PBXNativeTarget;
			buildConfigurationList = 019D6F2422968C4B00C4CB57 /* Build configuration list for PBXNativeTarget "CakeList" */;
			buildPhases = (
				019D6F0322968C4A00C4CB57 /* Sources */,
				019D6F0422968C4A00C4CB57 /* Frameworks */,
				019D6F0522968C4A00C4CB57 /* Resources */,
			);
			buildRules = (
			);
			dependencies = (
			);
			name = CakeList;
			productName = CakeList;
			productReference = 019D6F0722968C4A00C4CB57 /* CakeList.app */;
			productType = "com.apple.product-type.application";
		};
		019D6F1A22968C4B00C4CB57 /* CakeListTests */ = {
			isa = PBXNativeTarget;
			buildConfigurationList = 019D6F2722968C4B00C4CB57 /* Build configuration list for PBXNativeTarget "CakeListTests" */;
			buildPhases = (
				019D6F1722968C4B00C4CB57 /* Sources */,
				019D6F1822968C4B00C4CB57 /* Frameworks */,
				019D6F1922968C4B00C4CB57 /* Resources */,
			);
			buildRules = (
			);
			dependencies = (
				019D6F1D22968C4B00C4CB57 /* PBXTargetDependency */,
			);
			name = CakeListTests;
			productName = CakeListTests;
			productReference = 019D6F1B22968C4B00C4CB57 /* CakeListTests.xctest */;
			productType = "com.apple.product-type.bundle.unit-test";
		};
/* End PBXNativeTarget section */

/* Begin PBXProject section */
		019D6EFF22968C4A00C4CB57 /* Project object */ = {
			isa = PBXProject;
			attributes = {
				LastSwiftUpdateCheck = 1020;
				LastUpgradeCheck = 1020;
				ORGANIZATIONNAME = "Tim Richardson";
				TargetAttributes = {
					019D6F0622968C4A00C4CB57 = {
						CreatedOnToolsVersion = 10.2.1;
					};
					019D6F1A22968C4B00C4CB57 = {
						CreatedOnToolsVersion = 10.2.1;
						TestTargetID = 019D6F0622968C4A00C4CB57;
					};
				};
			};
			buildConfigurationList = 019D6F0222968C4A00C4CB57 /* Build configuration list for PBXProject "CakeList" */;
			compatibilityVersion = "Xcode 9.3";
			developmentRegion = en;
			hasScannedForEncodings = 0;
			knownRegions = (
				en,
				Base,
			);
			mainGroup = 019D6EFE22968C4A00C4CB57;
			productRefGroup = 019D6F0822968C4A00C4CB57 /* Products */;
			projectDirPath = "";
			projectRoot = "";
			targets = (
				019D6F0622968C4A00C4CB57 /* CakeList */,
				019D6F1A22968C4B00C4CB57 /* CakeListTests */,
			);
		};
/* End PBXProject section */

/* Begin PBXResourcesBuildPhase section */
		019D6F0522968C4A00C4CB57 /* Resources */ = {
			isa = PBXResourcesBuildPhase;
			buildActionMask = 2147483647;
			files = (
				019D6F1522968C4B00C4CB57 /* LaunchScreen.storyboard in Resources */,
				019D6F1222968C4B00C4CB57 /* Assets.xcassets in Resources */,
				019D6F1022968C4A00C4CB57 /* Main.storyboard in Resources */,
			);
			runOnlyForDeploymentPostprocessing = 0;
		};
		019D6F1922968C4B00C4CB57 /* Resources */ = {
			isa = PBXResourcesBuildPhase;
			buildActionMask = 2147483647;
			files = (
			);
			runOnlyForDeploymentPostprocessing = 0;
		};
/* End PBXResourcesBuildPhase section */

/* Begin PBXSourcesBuildPhase section */
		019D6F0322968C4A00C4CB57 /* Sources */ = {
			isa = PBXSourcesBuildPhase;
			buildActionMask = 2147483647;
			files = (
				019D6F4322968C8900C4CB57 /* Thread.swift in Sources */,
				019D6F5C2296945700C4CB57 /* CakeListModel.swift in Sources */,
				01BB670C269ED90700C5944E /* String.swift in Sources */,
				019D6F562296909400C4CB57 /* CakeRequestable.swift in Sources */,
				019D6F4022968C8900C4CB57 /* NetworkError.swift in Sources */,
				019D6F5122968FAF00C4CB57 /* MainProtocols.swift in Sources */,
				019D6F4722968C8900C4CB57 /* Coordinator.swift in Sources */,
				019D6F4D22968E6E00C4CB57 /* CakeListTableViewController.swift in Sources */,
				019D6F5E2296971000C4CB57 /* ImageCache.swift in Sources */,
				019D6F4A22968DD700C4CB57 /* MainCoordinator.swift in Sources */,
				019D6F0B22968C4A00C4CB57 /* AppDelegate.swift in Sources */,
				01BB6708269EB43C00C5944E /* CakeDetailModel.swift in Sources */,
				019D6F542296900F00C4CB57 /* CakeListPresenter.swift in Sources */,
				019D6F3C22968C8900C4CB57 /* StoryboardView.swift in Sources */,
				019D6F4F22968F4300C4CB57 /* CakeListTableViewCell.swift in Sources */,
				019D6F3F22968C8900C4CB57 /* ImageDownloadable.swift in Sources */,
				019D6F592296922500C4CB57 /* Cake.swift in Sources */,
				01BB6706269EB3D000C5944E /* CakeDetailPresenter.swift in Sources */,
				01BB6704269EB2C500C5944E /* CakeDetailViewController.swift in Sources */,
				01BB670A269EC3CB00C5944E /* CakeImageView.swift in Sources */,
			);
			runOnlyForDeploymentPostprocessing = 0;
		};
		019D6F1722968C4B00C4CB57 /* Sources */ = {
			isa = PBXSourcesBuildPhase;
			buildActionMask = 2147483647;
			files = (
				019D6F2022968C4B00C4CB57 /* CakeListTests.swift in Sources */,
			);
			runOnlyForDeploymentPostprocessing = 0;
		};
/* End PBXSourcesBuildPhase section */

/* Begin PBXTargetDependency section */
		019D6F1D22968C4B00C4CB57 /* PBXTargetDependency */ = {
			isa = PBXTargetDependency;
			target = 019D6F0622968C4A00C4CB57 /* CakeList */;
			targetProxy = 019D6F1C22968C4B00C4CB57 /* PBXContainerItemProxy */;
		};
/* End PBXTargetDependency section */

/* Begin PBXVariantGroup section */
		019D6F0E22968C4A00C4CB57 /* Main.storyboard */ = {
			isa = PBXVariantGroup;
			children = (
				019D6F0F22968C4A00C4CB57 /* Base */,
			);
			name = Main.storyboard;
			sourceTree = "<group>";
		};
		019D6F1322968C4B00C4CB57 /* LaunchScreen.storyboard */ = {
			isa = PBXVariantGroup;
			children = (
				019D6F1422968C4B00C4CB57 /* Base */,
			);
			name = LaunchScreen.storyboard;
			sourceTree = "<group>";
		};
/* End PBXVariantGroup section */

/* Begin XCBuildConfiguration section */
		019D6F2222968C4B00C4CB57 /* Debug */ = {
			isa = XCBuildConfiguration;
			buildSettings = {
				ALWAYS_SEARCH_USER_PATHS = NO;
				CLANG_ANALYZER_NONNULL = YES;
				CLANG_ANALYZER_NUMBER_OBJECT_CONVERSION = YES_AGGRESSIVE;
				CLANG_CXX_LANGUAGE_STANDARD = "gnu++14";
				CLANG_CXX_LIBRARY = "libc++";
				CLANG_ENABLE_MODULES = YES;
				CLANG_ENABLE_OBJC_ARC = YES;
				CLANG_ENABLE_OBJC_WEAK = YES;
				CLANG_WARN_BLOCK_CAPTURE_AUTORELEASING = YES;
				CLANG_WARN_BOOL_CONVERSION = YES;
				CLANG_WARN_COMMA = YES;
				CLANG_WARN_CONSTANT_CONVERSION = YES;
				CLANG_WARN_DEPRECATED_OBJC_IMPLEMENTATIONS = YES;
				CLANG_WARN_DIRECT_OBJC_ISA_USAGE = YES_ERROR;
				CLANG_WARN_DOCUMENTATION_COMMENTS = YES;
				CLANG_WARN_EMPTY_BODY = YES;
				CLANG_WARN_ENUM_CONVERSION = YES;
				CLANG_WARN_INFINITE_RECURSION = YES;
				CLANG_WARN_INT_CONVERSION = YES;
				CLANG_WARN_NON_LITERAL_NULL_CONVERSION = YES;
				CLANG_WARN_OBJC_IMPLICIT_RETAIN_SELF = YES;
				CLANG_WARN_OBJC_LITERAL_CONVERSION = YES;
				CLANG_WARN_OBJC_ROOT_CLASS = YES_ERROR;
				CLANG_WARN_RANGE_LOOP_ANALYSIS = YES;
				CLANG_WARN_STRICT_PROTOTYPES = YES;
				CLANG_WARN_SUSPICIOUS_MOVE = YES;
				CLANG_WARN_UNGUARDED_AVAILABILITY = YES_AGGRESSIVE;
				CLANG_WARN_UNREACHABLE_CODE = YES;
				CLANG_WARN__DUPLICATE_METHOD_MATCH = YES;
				CODE_SIGN_IDENTITY = "iPhone Developer";
				COPY_PHASE_STRIP = NO;
				DEBUG_INFORMATION_FORMAT = dwarf;
				ENABLE_STRICT_OBJC_MSGSEND = YES;
				ENABLE_TESTABILITY = YES;
				GCC_C_LANGUAGE_STANDARD = gnu11;
				GCC_DYNAMIC_NO_PIC = NO;
				GCC_NO_COMMON_BLOCKS = YES;
				GCC_OPTIMIZATION_LEVEL = 0;
				GCC_PREPROCESSOR_DEFINITIONS = (
					"DEBUG=1",
					"$(inherited)",
				);
				GCC_WARN_64_TO_32_BIT_CONVERSION = YES;
				GCC_WARN_ABOUT_RETURN_TYPE = YES_ERROR;
				GCC_WARN_UNDECLARED_SELECTOR = YES;
				GCC_WARN_UNINITIALIZED_AUTOS = YES_AGGRESSIVE;
				GCC_WARN_UNUSED_FUNCTION = YES;
				GCC_WARN_UNUSED_VARIABLE = YES;
				IPHONEOS_DEPLOYMENT_TARGET = 12.2;
				MTL_ENABLE_DEBUG_INFO = INCLUDE_SOURCE;
				MTL_FAST_MATH = YES;
				ONLY_ACTIVE_ARCH = YES;
				SDKROOT = iphoneos;
				SWIFT_ACTIVE_COMPILATION_CONDITIONS = DEBUG;
				SWIFT_OPTIMIZATION_LEVEL = "-Onone";
			};
			name = Debug;
		};
		019D6F2322968C4B00C4CB57 /* Release */ = {
			isa = XCBuildConfiguration;
			buildSettings = {
				ALWAYS_SEARCH_USER_PATHS = NO;
				CLANG_ANALYZER_NONNULL = YES;
				CLANG_ANALYZER_NUMBER_OBJECT_CONVERSION = YES_AGGRESSIVE;
				CLANG_CXX_LANGUAGE_STANDARD = "gnu++14";
				CLANG_CXX_LIBRARY = "libc++";
				CLANG_ENABLE_MODULES = YES;
				CLANG_ENABLE_OBJC_ARC = YES;
				CLANG_ENABLE_OBJC_WEAK = YES;
				CLANG_WARN_BLOCK_CAPTURE_AUTORELEASING = YES;
				CLANG_WARN_BOOL_CONVERSION = YES;
				CLANG_WARN_COMMA = YES;
				CLANG_WARN_CONSTANT_CONVERSION = YES;
				CLANG_WARN_DEPRECATED_OBJC_IMPLEMENTATIONS = YES;
				CLANG_WARN_DIRECT_OBJC_ISA_USAGE = YES_ERROR;
				CLANG_WARN_DOCUMENTATION_COMMENTS = YES;
				CLANG_WARN_EMPTY_BODY = YES;
				CLANG_WARN_ENUM_CONVERSION = YES;
				CLANG_WARN_INFINITE_RECURSION = YES;
				CLANG_WARN_INT_CONVERSION = YES;
				CLANG_WARN_NON_LITERAL_NULL_CONVERSION = YES;
				CLANG_WARN_OBJC_IMPLICIT_RETAIN_SELF = YES;
				CLANG_WARN_OBJC_LITERAL_CONVERSION = YES;
				CLANG_WARN_OBJC_ROOT_CLASS = YES_ERROR;
				CLANG_WARN_RANGE_LOOP_ANALYSIS = YES;
				CLANG_WARN_STRICT_PROTOTYPES = YES;
				CLANG_WARN_SUSPICIOUS_MOVE = YES;
				CLANG_WARN_UNGUARDED_AVAILABILITY = YES_AGGRESSIVE;
				CLANG_WARN_UNREACHABLE_CODE = YES;
				CLANG_WARN__DUPLICATE_METHOD_MATCH = YES;
				CODE_SIGN_IDENTITY = "iPhone Developer";
				COPY_PHASE_STRIP = NO;
				DEBUG_INFORMATION_FORMAT = "dwarf-with-dsym";
				ENABLE_NS_ASSERTIONS = NO;
				ENABLE_STRICT_OBJC_MSGSEND = YES;
				GCC_C_LANGUAGE_STANDARD = gnu11;
				GCC_NO_COMMON_BLOCKS = YES;
				GCC_WARN_64_TO_32_BIT_CONVERSION = YES;
				GCC_WARN_ABOUT_RETURN_TYPE = YES_ERROR;
				GCC_WARN_UNDECLARED_SELECTOR = YES;
				GCC_WARN_UNINITIALIZED_AUTOS = YES_AGGRESSIVE;
				GCC_WARN_UNUSED_FUNCTION = YES;
				GCC_WARN_UNUSED_VARIABLE = YES;
				IPHONEOS_DEPLOYMENT_TARGET = 12.2;
				MTL_ENABLE_DEBUG_INFO = NO;
				MTL_FAST_MATH = YES;
				SDKROOT = iphoneos;
				SWIFT_COMPILATION_MODE = wholemodule;
				SWIFT_OPTIMIZATION_LEVEL = "-O";
				VALIDATE_PRODUCT = YES;
			};
			name = Release;
		};
		019D6F2522968C4B00C4CB57 /* Debug */ = {
			isa = XCBuildConfiguration;
			buildSettings = {
				ASSETCATALOG_COMPILER_APPICON_NAME = AppIcon;
				CODE_SIGN_STYLE = Automatic;
				DEVELOPMENT_TEAM = GCQUCMX2H6;
				INFOPLIST_FILE = CakeList/Info.plist;
				IPHONEOS_DEPLOYMENT_TARGET = 14.1;
				LD_RUNPATH_SEARCH_PATHS = (
					"$(inherited)",
					"@executable_path/Frameworks",
				);
				PRODUCT_BUNDLE_IDENTIFIER = co.timrichardson.CakeList;
				PRODUCT_NAME = "$(TARGET_NAME)";
				SWIFT_VERSION = 5.0;
				TARGETED_DEVICE_FAMILY = "1,2";
			};
			name = Debug;
		};
		019D6F2622968C4B00C4CB57 /* Release */ = {
			isa = XCBuildConfiguration;
			buildSettings = {
				ASSETCATALOG_COMPILER_APPICON_NAME = AppIcon;
				CODE_SIGN_STYLE = Automatic;
				DEVELOPMENT_TEAM = GCQUCMX2H6;
				INFOPLIST_FILE = CakeList/Info.plist;
				IPHONEOS_DEPLOYMENT_TARGET = 14.1;
				LD_RUNPATH_SEARCH_PATHS = (
					"$(inherited)",
					"@executable_path/Frameworks",
				);
				PRODUCT_BUNDLE_IDENTIFIER = co.timrichardson.CakeList;
				PRODUCT_NAME = "$(TARGET_NAME)";
				SWIFT_VERSION = 5.0;
				TARGETED_DEVICE_FAMILY = "1,2";
			};
			name = Release;
		};
		019D6F2822968C4B00C4CB57 /* Debug */ = {
			isa = XCBuildConfiguration;
			buildSettings = {
				ALWAYS_EMBED_SWIFT_STANDARD_LIBRARIES = YES;
				BUNDLE_LOADER = "$(TEST_HOST)";
				CODE_SIGN_STYLE = Automatic;
				DEVELOPMENT_TEAM = GCQUCMX2H6;
				INFOPLIST_FILE = CakeListTests/Info.plist;
				LD_RUNPATH_SEARCH_PATHS = (
					"$(inherited)",
					"@executable_path/Frameworks",
					"@loader_path/Frameworks",
				);
				PRODUCT_BUNDLE_IDENTIFIER = co.timrichardson.CakeListTests;
				PRODUCT_NAME = "$(TARGET_NAME)";
				SWIFT_VERSION = 5.0;
				TARGETED_DEVICE_FAMILY = "1,2";
				TEST_HOST = "$(BUILT_PRODUCTS_DIR)/CakeList.app/CakeList";
			};
			name = Debug;
		};
		019D6F2922968C4B00C4CB57 /* Release */ = {
			isa = XCBuildConfiguration;
			buildSettings = {
				ALWAYS_EMBED_SWIFT_STANDARD_LIBRARIES = YES;
				BUNDLE_LOADER = "$(TEST_HOST)";
				CODE_SIGN_STYLE = Automatic;
				DEVELOPMENT_TEAM = GCQUCMX2H6;
				INFOPLIST_FILE = CakeListTests/Info.plist;
				LD_RUNPATH_SEARCH_PATHS = (
					"$(inherited)",
					"@executable_path/Frameworks",
					"@loader_path/Frameworks",
				);
				PRODUCT_BUNDLE_IDENTIFIER = co.timrichardson.CakeListTests;
				PRODUCT_NAME = "$(TARGET_NAME)";
				SWIFT_VERSION = 5.0;
				TARGETED_DEVICE_FAMILY = "1,2";
				TEST_HOST = "$(BUILT_PRODUCTS_DIR)/CakeList.app/CakeList";
			};
			name = Release;
		};
/* End XCBuildConfiguration section */

/* Begin XCConfigurationList section */
		019D6F0222968C4A00C4CB57 /* Build configuration list for PBXProject "CakeList" */ = {
			isa = XCConfigurationList;
			buildConfigurations = (
				019D6F2222968C4B00C4CB57 /* Debug */,
				019D6F2322968C4B00C4CB57 /* Release */,
			);
			defaultConfigurationIsVisible = 0;
			defaultConfigurationName = Release;
		};
		019D6F2422968C4B00C4CB57 /* Build configuration list for PBXNativeTarget "CakeList" */ = {
			isa = XCConfigurationList;
			buildConfigurations = (
				019D6F2522968C4B00C4CB57 /* Debug */,
				019D6F2622968C4B00C4CB57 /* Release */,
			);
			defaultConfigurationIsVisible = 0;
			defaultConfigurationName = Release;
		};
		019D6F2722968C4B00C4CB57 /* Build configuration list for PBXNativeTarget "CakeListTests" */ = {
			isa = XCConfigurationList;
			buildConfigurations = (
				019D6F2822968C4B00C4CB57 /* Debug */,
				019D6F2922968C4B00C4CB57 /* Release */,
			);
			defaultConfigurationIsVisible = 0;
			defaultConfigurationName = Release;
		};
/* End XCConfigurationList section */
	};
	rootObject = 019D6EFF22968C4A00C4CB57 /* Project object */;
}
